// !$*UTF8*$!
{
	archiveVersion = 1;
	classes = {
	};
	objectVersion = 52;
	objects = {

/* Begin PBXBuildFile section */
		B615A2AC238B23B600E7CF0A /* LanguageSwitchView.swift in Sources */ = {isa = PBXBuildFile; fileRef = B615A2AB238B23B600E7CF0A /* LanguageSwitchView.swift */; };
		B615A2AE238B2E1A00E7CF0A /* Translator.swift in Sources */ = {isa = PBXBuildFile; fileRef = B615A2AD238B2E1A00E7CF0A /* Translator.swift */; };
		B615A2B2238B379E00E7CF0A /* UserDefaults+Util.swift in Sources */ = {isa = PBXBuildFile; fileRef = B615A2B1238B379E00E7CF0A /* UserDefaults+Util.swift */; };
		B63042EA2389EA5F00C37A32 /* AppDelegate.swift in Sources */ = {isa = PBXBuildFile; fileRef = B63042E92389EA5F00C37A32 /* AppDelegate.swift */; };
		B63042EC2389EA5F00C37A32 /* SceneDelegate.swift in Sources */ = {isa = PBXBuildFile; fileRef = B63042EB2389EA5F00C37A32 /* SceneDelegate.swift */; };
		B63042EE2389EA5F00C37A32 /* ViewController.swift in Sources */ = {isa = PBXBuildFile; fileRef = B63042ED2389EA5F00C37A32 /* ViewController.swift */; };
		B63042F12389EA5F00C37A32 /* Main.storyboard in Resources */ = {isa = PBXBuildFile; fileRef = B63042EF2389EA5F00C37A32 /* Main.storyboard */; };
		B63042F32389EA6000C37A32 /* Assets.xcassets in Resources */ = {isa = PBXBuildFile; fileRef = B63042F22389EA6000C37A32 /* Assets.xcassets */; };
		B63042F62389EA6000C37A32 /* LaunchScreen.storyboard in Resources */ = {isa = PBXBuildFile; fileRef = B63042F42389EA6000C37A32 /* LaunchScreen.storyboard */; };
		B63043012389EA6000C37A32 /* NewsRoomTests.swift in Sources */ = {isa = PBXBuildFile; fileRef = B63043002389EA6000C37A32 /* NewsRoomTests.swift */; };
		B6304312238A2D4900C37A32 /* Networking in Frameworks */ = {isa = PBXBuildFile; productRef = B6304311238A2D4900C37A32 /* Networking */; };
		B6304314238A321100C37A32 /* NewsService.swift in Sources */ = {isa = PBXBuildFile; fileRef = B6304313238A321100C37A32 /* NewsService.swift */; };
		B6304316238A326200C37A32 /* NewsFetcher.swift in Sources */ = {isa = PBXBuildFile; fileRef = B6304315238A326200C37A32 /* NewsFetcher.swift */; };
		B6304318238A370D00C37A32 /* Article.swift in Sources */ = {isa = PBXBuildFile; fileRef = B6304317238A370D00C37A32 /* Article.swift */; };
		B630431C238A5E4E00C37A32 /* Language.swift in Sources */ = {isa = PBXBuildFile; fileRef = B630431B238A5E4E00C37A32 /* Language.swift */; };
		B630431E238A5E8C00C37A32 /* ArticleGroup.swift in Sources */ = {isa = PBXBuildFile; fileRef = B630431D238A5E8C00C37A32 /* ArticleGroup.swift */; };
		B6304320238A624800C37A32 /* NewsStore.swift in Sources */ = {isa = PBXBuildFile; fileRef = B630431F238A624800C37A32 /* NewsStore.swift */; };
/* End PBXBuildFile section */

/* Begin PBXContainerItemProxy section */
		B63042FD2389EA6000C37A32 /* PBXContainerItemProxy */ = {
			isa = PBXContainerItemProxy;
			containerPortal = B63042DE2389EA5F00C37A32 /* Project object */;
			proxyType = 1;
			remoteGlobalIDString = B63042E52389EA5F00C37A32;
			remoteInfo = NewsRoom;
		};
/* End PBXContainerItemProxy section */

/* Begin PBXFileReference section */
		B615A2AB238B23B600E7CF0A /* LanguageSwitchView.swift */ = {isa = PBXFileReference; lastKnownFileType = sourcecode.swift; path = LanguageSwitchView.swift; sourceTree = "<group>"; };
		B615A2AD238B2E1A00E7CF0A /* Translator.swift */ = {isa = PBXFileReference; lastKnownFileType = sourcecode.swift; path = Translator.swift; sourceTree = "<group>"; };
		B615A2B1238B379E00E7CF0A /* UserDefaults+Util.swift */ = {isa = PBXFileReference; lastKnownFileType = sourcecode.swift; path = "UserDefaults+Util.swift"; sourceTree = "<group>"; };
		B63042E62389EA5F00C37A32 /* NewsRoom.app */ = {isa = PBXFileReference; explicitFileType = wrapper.application; includeInIndex = 0; path = NewsRoom.app; sourceTree = BUILT_PRODUCTS_DIR; };
		B63042E92389EA5F00C37A32 /* AppDelegate.swift */ = {isa = PBXFileReference; lastKnownFileType = sourcecode.swift; path = AppDelegate.swift; sourceTree = "<group>"; };
		B63042EB2389EA5F00C37A32 /* SceneDelegate.swift */ = {isa = PBXFileReference; lastKnownFileType = sourcecode.swift; path = SceneDelegate.swift; sourceTree = "<group>"; };
		B63042ED2389EA5F00C37A32 /* ViewController.swift */ = {isa = PBXFileReference; lastKnownFileType = sourcecode.swift; path = ViewController.swift; sourceTree = "<group>"; };
		B63042F02389EA5F00C37A32 /* Base */ = {isa = PBXFileReference; lastKnownFileType = file.storyboard; name = Base; path = Base.lproj/Main.storyboard; sourceTree = "<group>"; };
		B63042F22389EA6000C37A32 /* Assets.xcassets */ = {isa = PBXFileReference; lastKnownFileType = folder.assetcatalog; path = Assets.xcassets; sourceTree = "<group>"; };
		B63042F52389EA6000C37A32 /* Base */ = {isa = PBXFileReference; lastKnownFileType = file.storyboard; name = Base; path = Base.lproj/LaunchScreen.storyboard; sourceTree = "<group>"; };
		B63042F72389EA6000C37A32 /* Info.plist */ = {isa = PBXFileReference; lastKnownFileType = text.plist.xml; path = Info.plist; sourceTree = "<group>"; };
		B63042FC2389EA6000C37A32 /* NewsRoomTests.xctest */ = {isa = PBXFileReference; explicitFileType = wrapper.cfbundle; includeInIndex = 0; path = NewsRoomTests.xctest; sourceTree = BUILT_PRODUCTS_DIR; };
		B63043002389EA6000C37A32 /* NewsRoomTests.swift */ = {isa = PBXFileReference; lastKnownFileType = sourcecode.swift; path = NewsRoomTests.swift; sourceTree = "<group>"; };
		B63043022389EA6000C37A32 /* Info.plist */ = {isa = PBXFileReference; lastKnownFileType = text.plist.xml; path = Info.plist; sourceTree = "<group>"; };
		B630430F238A2D2400C37A32 /* Networking */ = {isa = PBXFileReference; lastKnownFileType = folder; name = Networking; path = ../Networking; sourceTree = "<group>"; };
		B6304313238A321100C37A32 /* NewsService.swift */ = {isa = PBXFileReference; lastKnownFileType = sourcecode.swift; path = NewsService.swift; sourceTree = "<group>"; };
		B6304315238A326200C37A32 /* NewsFetcher.swift */ = {isa = PBXFileReference; lastKnownFileType = sourcecode.swift; path = NewsFetcher.swift; sourceTree = "<group>"; };
		B6304317238A370D00C37A32 /* Article.swift */ = {isa = PBXFileReference; lastKnownFileType = sourcecode.swift; path = Article.swift; sourceTree = "<group>"; };
		B630431B238A5E4E00C37A32 /* Language.swift */ = {isa = PBXFileReference; lastKnownFileType = sourcecode.swift; path = Language.swift; sourceTree = "<group>"; };
		B630431D238A5E8C00C37A32 /* ArticleGroup.swift */ = {isa = PBXFileReference; lastKnownFileType = sourcecode.swift; path = ArticleGroup.swift; sourceTree = "<group>"; };
		B630431F238A624800C37A32 /* NewsStore.swift */ = {isa = PBXFileReference; lastKnownFileType = sourcecode.swift; path = NewsStore.swift; sourceTree = "<group>"; };
/* End PBXFileReference section */

/* Begin PBXFrameworksBuildPhase section */
		B63042E32389EA5F00C37A32 /* Frameworks */ = {
			isa = PBXFrameworksBuildPhase;
			buildActionMask = 2147483647;
			files = (
				B6304312238A2D4900C37A32 /* Networking in Frameworks */,
			);
			runOnlyForDeploymentPostprocessing = 0;
		};
		B63042F92389EA6000C37A32 /* Frameworks */ = {
			isa = PBXFrameworksBuildPhase;
			buildActionMask = 2147483647;
			files = (
			);
			runOnlyForDeploymentPostprocessing = 0;
		};
/* End PBXFrameworksBuildPhase section */

/* Begin PBXGroup section */
		B63042DD2389EA5F00C37A32 = {
			isa = PBXGroup;
			children = (
				B630430F238A2D2400C37A32 /* Networking */,
				B63042E82389EA5F00C37A32 /* NewsRoom */,
				B63042FF2389EA6000C37A32 /* NewsRoomTests */,
				B63042E72389EA5F00C37A32 /* Products */,
				B6304310238A2D4900C37A32 /* Frameworks */,
			);
			sourceTree = "<group>";
		};
		B63042E72389EA5F00C37A32 /* Products */ = {
			isa = PBXGroup;
			children = (
				B63042E62389EA5F00C37A32 /* NewsRoom.app */,
				B63042FC2389EA6000C37A32 /* NewsRoomTests.xctest */,
			);
			name = Products;
			sourceTree = "<group>";
		};
		B63042E82389EA5F00C37A32 /* NewsRoom */ = {
			isa = PBXGroup;
			children = (
				B63042E92389EA5F00C37A32 /* AppDelegate.swift */,
				B63042EB2389EA5F00C37A32 /* SceneDelegate.swift */,
				B63042ED2389EA5F00C37A32 /* ViewController.swift */,
				B63042EF2389EA5F00C37A32 /* Main.storyboard */,
				B63042F22389EA6000C37A32 /* Assets.xcassets */,
				B63042F42389EA6000C37A32 /* LaunchScreen.storyboard */,
				B63042F72389EA6000C37A32 /* Info.plist */,
				B6304315238A326200C37A32 /* NewsFetcher.swift */,
				B6304313238A321100C37A32 /* NewsService.swift */,
				B6304317238A370D00C37A32 /* Article.swift */,
				B630431B238A5E4E00C37A32 /* Language.swift */,
				B630431D238A5E8C00C37A32 /* ArticleGroup.swift */,
				B630431F238A624800C37A32 /* NewsStore.swift */,
				B615A2AB238B23B600E7CF0A /* LanguageSwitchView.swift */,
				B615A2AD238B2E1A00E7CF0A /* Translator.swift */,
				B615A2B1238B379E00E7CF0A /* UserDefaults+Util.swift */,
			);
			path = NewsRoom;
			sourceTree = "<group>";
		};
		B63042FF2389EA6000C37A32 /* NewsRoomTests */ = {
			isa = PBXGroup;
			children = (
				B63043002389EA6000C37A32 /* NewsRoomTests.swift */,
				B63043022389EA6000C37A32 /* Info.plist */,
			);
			path = NewsRoomTests;
			sourceTree = "<group>";
		};
		B6304310238A2D4900C37A32 /* Frameworks */ = {
			isa = PBXGroup;
			children = (
			);
			name = Frameworks;
			sourceTree = "<group>";
		};
/* End PBXGroup section */

/* Begin PBXNativeTarget section */
		B63042E52389EA5F00C37A32 /* NewsRoom */ = {
			isa = PBXNativeTarget;
			buildConfigurationList = B63043052389EA6000C37A32 /* Build configuration list for PBXNativeTarget "NewsRoom" */;
			buildPhases = (
				B63042E22389EA5F00C37A32 /* Sources */,
				B63042E32389EA5F00C37A32 /* Frameworks */,
				B63042E42389EA5F00C37A32 /* Resources */,
			);
			buildRules = (
			);
			dependencies = (
			);
			name = NewsRoom;
			packageProductDependencies = (
				B6304311238A2D4900C37A32 /* Networking */,
			);
			productName = NewsRoom;
			productReference = B63042E62389EA5F00C37A32 /* NewsRoom.app */;
			productType = "com.apple.product-type.application";
		};
		B63042FB2389EA6000C37A32 /* NewsRoomTests */ = {
			isa = PBXNativeTarget;
			buildConfigurationList = B63043082389EA6000C37A32 /* Build configuration list for PBXNativeTarget "NewsRoomTests" */;
			buildPhases = (
				B63042F82389EA6000C37A32 /* Sources */,
				B63042F92389EA6000C37A32 /* Frameworks */,
				B63042FA2389EA6000C37A32 /* Resources */,
			);
			buildRules = (
			);
			dependencies = (
				B63042FE2389EA6000C37A32 /* PBXTargetDependency */,
			);
			name = NewsRoomTests;
			productName = NewsRoomTests;
			productReference = B63042FC2389EA6000C37A32 /* NewsRoomTests.xctest */;
			productType = "com.apple.product-type.bundle.unit-test";
		};
/* End PBXNativeTarget section */

/* Begin PBXProject section */
		B63042DE2389EA5F00C37A32 /* Project object */ = {
			isa = PBXProject;
			attributes = {
				LastSwiftUpdateCheck = 1120;
				LastUpgradeCheck = 1120;
				ORGANIZATIONNAME = "Kunal Shrivastava";
				TargetAttributes = {
					B63042E52389EA5F00C37A32 = {
						CreatedOnToolsVersion = 11.2;
					};
					B63042FB2389EA6000C37A32 = {
						CreatedOnToolsVersion = 11.2;
						TestTargetID = B63042E52389EA5F00C37A32;
					};
				};
			};
			buildConfigurationList = B63042E12389EA5F00C37A32 /* Build configuration list for PBXProject "NewsRoom" */;
			compatibilityVersion = "Xcode 9.3";
			developmentRegion = en;
			hasScannedForEncodings = 0;
			knownRegions = (
				en,
				Base,
			);
			mainGroup = B63042DD2389EA5F00C37A32;
			productRefGroup = B63042E72389EA5F00C37A32 /* Products */;
			projectDirPath = "";
			projectRoot = "";
			targets = (
				B63042E52389EA5F00C37A32 /* NewsRoom */,
				B63042FB2389EA6000C37A32 /* NewsRoomTests */,
			);
		};
/* End PBXProject section */

/* Begin PBXResourcesBuildPhase section */
		B63042E42389EA5F00C37A32 /* Resources */ = {
			isa = PBXResourcesBuildPhase;
			buildActionMask = 2147483647;
			files = (
				B63042F62389EA6000C37A32 /* LaunchScreen.storyboard in Resources */,
				B63042F32389EA6000C37A32 /* Assets.xcassets in Resources */,
				B63042F12389EA5F00C37A32 /* Main.storyboard in Resources */,
			);
			runOnlyForDeploymentPostprocessing = 0;
		};
		B63042FA2389EA6000C37A32 /* Resources */ = {
			isa = PBXResourcesBuildPhase;
			buildActionMask = 2147483647;
			files = (
			);
			runOnlyForDeploymentPostprocessing = 0;
		};
/* End PBXResourcesBuildPhase section */

/* Begin PBXSourcesBuildPhase section */
		B63042E22389EA5F00C37A32 /* Sources */ = {
			isa = PBXSourcesBuildPhase;
			buildActionMask = 2147483647;
			files = (
				B63042EE2389EA5F00C37A32 /* ViewController.swift in Sources */,
				B615A2AC238B23B600E7CF0A /* LanguageSwitchView.swift in Sources */,
				B630431E238A5E8C00C37A32 /* ArticleGroup.swift in Sources */,
				B615A2AE238B2E1A00E7CF0A /* Translator.swift in Sources */,
				B6304320238A624800C37A32 /* NewsStore.swift in Sources */,
				B63042EA2389EA5F00C37A32 /* AppDelegate.swift in Sources */,
				B6304318238A370D00C37A32 /* Article.swift in Sources */,
				B6304316238A326200C37A32 /* NewsFetcher.swift in Sources */,
				B6304314238A321100C37A32 /* NewsService.swift in Sources */,
				B630431C238A5E4E00C37A32 /* Language.swift in Sources */,
				B63042EC2389EA5F00C37A32 /* SceneDelegate.swift in Sources */,
				B615A2B2238B379E00E7CF0A /* UserDefaults+Util.swift in Sources */,
			);
			runOnlyForDeploymentPostprocessing = 0;
		};
		B63042F82389EA6000C37A32 /* Sources */ = {
			isa = PBXSourcesBuildPhase;
			buildActionMask = 2147483647;
			files = (
				B63043012389EA6000C37A32 /* NewsRoomTests.swift in Sources */,
			);
			runOnlyForDeploymentPostprocessing = 0;
		};
/* End PBXSourcesBuildPhase section */

/* Begin PBXTargetDependency section */
		B63042FE2389EA6000C37A32 /* PBXTargetDependency */ = {
			isa = PBXTargetDependency;
			target = B63042E52389EA5F00C37A32 /* NewsRoom */;
			targetProxy = B63042FD2389EA6000C37A32 /* PBXContainerItemProxy */;
		};
/* End PBXTargetDependency section */

/* Begin PBXVariantGroup section */
		B63042EF2389EA5F00C37A32 /* Main.storyboard */ = {
			isa = PBXVariantGroup;
			children = (
				B63042F02389EA5F00C37A32 /* Base */,
			);
			name = Main.storyboard;
			sourceTree = "<group>";
		};
		B63042F42389EA6000C37A32 /* LaunchScreen.storyboard */ = {
			isa = PBXVariantGroup;
			children = (
				B63042F52389EA6000C37A32 /* Base */,
			);
			name = LaunchScreen.storyboard;
			sourceTree = "<group>";
		};
/* End PBXVariantGroup section */

/* Begin XCBuildConfiguration section */
		B63043032389EA6000C37A32 /* Debug */ = {
			isa = XCBuildConfiguration;
			buildSettings = {
				ALWAYS_SEARCH_USER_PATHS = NO;
				CLANG_ANALYZER_NONNULL = YES;
				CLANG_ANALYZER_NUMBER_OBJECT_CONVERSION = YES_AGGRESSIVE;
				CLANG_CXX_LANGUAGE_STANDARD = "gnu++14";
				CLANG_CXX_LIBRARY = "libc++";
				CLANG_ENABLE_MODULES = YES;
				CLANG_ENABLE_OBJC_ARC = YES;
				CLANG_ENABLE_OBJC_WEAK = YES;
				CLANG_WARN_BLOCK_CAPTURE_AUTORELEASING = YES;
				CLANG_WARN_BOOL_CONVERSION = YES;
				CLANG_WARN_COMMA = YES;
				CLANG_WARN_CONSTANT_CONVERSION = YES;
				CLANG_WARN_DEPRECATED_OBJC_IMPLEMENTATIONS = YES;
				CLANG_WARN_DIRECT_OBJC_ISA_USAGE = YES_ERROR;
				CLANG_WARN_DOCUMENTATION_COMMENTS = YES;
				CLANG_WARN_EMPTY_BODY = YES;
				CLANG_WARN_ENUM_CONVERSION = YES;
				CLANG_WARN_INFINITE_RECURSION = YES;
				CLANG_WARN_INT_CONVERSION = YES;
				CLANG_WARN_NON_LITERAL_NULL_CONVERSION = YES;
				CLANG_WARN_OBJC_IMPLICIT_RETAIN_SELF = YES;
				CLANG_WARN_OBJC_LITERAL_CONVERSION = YES;
				CLANG_WARN_OBJC_ROOT_CLASS = YES_ERROR;
				CLANG_WARN_RANGE_LOOP_ANALYSIS = YES;
				CLANG_WARN_STRICT_PROTOTYPES = YES;
				CLANG_WARN_SUSPICIOUS_MOVE = YES;
				CLANG_WARN_UNGUARDED_AVAILABILITY = YES_AGGRESSIVE;
				CLANG_WARN_UNREACHABLE_CODE = YES;
				CLANG_WARN__DUPLICATE_METHOD_MATCH = YES;
				COPY_PHASE_STRIP = NO;
				DEBUG_INFORMATION_FORMAT = dwarf;
				ENABLE_STRICT_OBJC_MSGSEND = YES;
				ENABLE_TESTABILITY = YES;
				GCC_C_LANGUAGE_STANDARD = gnu11;
				GCC_DYNAMIC_NO_PIC = NO;
				GCC_NO_COMMON_BLOCKS = YES;
				GCC_OPTIMIZATION_LEVEL = 0;
				GCC_PREPROCESSOR_DEFINITIONS = (
					"DEBUG=1",
					"$(inherited)",
				);
				GCC_WARN_64_TO_32_BIT_CONVERSION = YES;
				GCC_WARN_ABOUT_RETURN_TYPE = YES_ERROR;
				GCC_WARN_UNDECLARED_SELECTOR = YES;
				GCC_WARN_UNINITIALIZED_AUTOS = YES_AGGRESSIVE;
				GCC_WARN_UNUSED_FUNCTION = YES;
				GCC_WARN_UNUSED_VARIABLE = YES;
				IPHONEOS_DEPLOYMENT_TARGET = 13.2;
				MTL_ENABLE_DEBUG_INFO = INCLUDE_SOURCE;
				MTL_FAST_MATH = YES;
				ONLY_ACTIVE_ARCH = YES;
				SDKROOT = iphoneos;
				SWIFT_ACTIVE_COMPILATION_CONDITIONS = DEBUG;
				SWIFT_OPTIMIZATION_LEVEL = "-Onone";
			};
			name = Debug;
		};
		B63043042389EA6000C37A32 /* Release */ = {
			isa = XCBuildConfiguration;
			buildSettings = {
				ALWAYS_SEARCH_USER_PATHS = NO;
				CLANG_ANALYZER_NONNULL = YES;
				CLANG_ANALYZER_NUMBER_OBJECT_CONVERSION = YES_AGGRESSIVE;
				CLANG_CXX_LANGUAGE_STANDARD = "gnu++14";
				CLANG_CXX_LIBRARY = "libc++";
				CLANG_ENABLE_MODULES = YES;
				CLANG_ENABLE_OBJC_ARC = YES;
				CLANG_ENABLE_OBJC_WEAK = YES;
				CLANG_WARN_BLOCK_CAPTURE_AUTORELEASING = YES;
				CLANG_WARN_BOOL_CONVERSION = YES;
				CLANG_WARN_COMMA = YES;
				CLANG_WARN_CONSTANT_CONVERSION = YES;
				CLANG_WARN_DEPRECATED_OBJC_IMPLEMENTATIONS = YES;
				CLANG_WARN_DIRECT_OBJC_ISA_USAGE = YES_ERROR;
				CLANG_WARN_DOCUMENTATION_COMMENTS = YES;
				CLANG_WARN_EMPTY_BODY = YES;
				CLANG_WARN_ENUM_CONVERSION = YES;
				CLANG_WARN_INFINITE_RECURSION = YES;
				CLANG_WARN_INT_CONVERSION = YES;
				CLANG_WARN_NON_LITERAL_NULL_CONVERSION = YES;
				CLANG_WARN_OBJC_IMPLICIT_RETAIN_SELF = YES;
				CLANG_WARN_OBJC_LITERAL_CONVERSION = YES;
				CLANG_WARN_OBJC_ROOT_CLASS = YES_ERROR;
				CLANG_WARN_RANGE_LOOP_ANALYSIS = YES;
				CLANG_WARN_STRICT_PROTOTYPES = YES;
				CLANG_WARN_SUSPICIOUS_MOVE = YES;
				CLANG_WARN_UNGUARDED_AVAILABILITY = YES_AGGRESSIVE;
				CLANG_WARN_UNREACHABLE_CODE = YES;
				CLANG_WARN__DUPLICATE_METHOD_MATCH = YES;
				COPY_PHASE_STRIP = NO;
				DEBUG_INFORMATION_FORMAT = "dwarf-with-dsym";
				ENABLE_NS_ASSERTIONS = NO;
				ENABLE_STRICT_OBJC_MSGSEND = YES;
				GCC_C_LANGUAGE_STANDARD = gnu11;
				GCC_NO_COMMON_BLOCKS = YES;
				GCC_WARN_64_TO_32_BIT_CONVERSION = YES;
				GCC_WARN_ABOUT_RETURN_TYPE = YES_ERROR;
				GCC_WARN_UNDECLARED_SELECTOR = YES;
				GCC_WARN_UNINITIALIZED_AUTOS = YES_AGGRESSIVE;
				GCC_WARN_UNUSED_FUNCTION = YES;
				GCC_WARN_UNUSED_VARIABLE = YES;
				IPHONEOS_DEPLOYMENT_TARGET = 13.2;
				MTL_ENABLE_DEBUG_INFO = NO;
				MTL_FAST_MATH = YES;
				SDKROOT = iphoneos;
				SWIFT_COMPILATION_MODE = wholemodule;
				SWIFT_OPTIMIZATION_LEVEL = "-O";
				VALIDATE_PRODUCT = YES;
			};
			name = Release;
		};
		B63043062389EA6000C37A32 /* Debug */ = {
			isa = XCBuildConfiguration;
			buildSettings = {
				ASSETCATALOG_COMPILER_APPICON_NAME = AppIcon;
				CODE_SIGN_STYLE = Automatic;
				DEVELOPMENT_TEAM = CBHP6G9QDW;
				INFOPLIST_FILE = NewsRoom/Info.plist;
				LD_RUNPATH_SEARCH_PATHS = (
					"$(inherited)",
					"@executable_path/Frameworks",
				);
				PRODUCT_BUNDLE_IDENTIFIER = KS.NewsRoom;
				PRODUCT_NAME = "$(TARGET_NAME)";
				SWIFT_VERSION = 5.0;
				TARGETED_DEVICE_FAMILY = "1,2";
			};
			name = Debug;
		};
		B63043072389EA6000C37A32 /* Release */ = {
			isa = XCBuildConfiguration;
			buildSettings = {
				ASSETCATALOG_COMPILER_APPICON_NAME = AppIcon;
				CODE_SIGN_STYLE = Automatic;
				DEVELOPMENT_TEAM = CBHP6G9QDW;
				INFOPLIST_FILE = NewsRoom/Info.plist;
				LD_RUNPATH_SEARCH_PATHS = (
					"$(inherited)",
					"@executable_path/Frameworks",
				);
				PRODUCT_BUNDLE_IDENTIFIER = KS.NewsRoom;
				PRODUCT_NAME = "$(TARGET_NAME)";
				SWIFT_VERSION = 5.0;
				TARGETED_DEVICE_FAMILY = "1,2";
			};
			name = Release;
		};
		B63043092389EA6000C37A32 /* Debug */ = {
			isa = XCBuildConfiguration;
			buildSettings = {
				ALWAYS_EMBED_SWIFT_STANDARD_LIBRARIES = YES;
				BUNDLE_LOADER = "$(TEST_HOST)";
				CODE_SIGN_STYLE = Automatic;
				DEVELOPMENT_TEAM = CBHP6G9QDW;
				INFOPLIST_FILE = NewsRoomTests/Info.plist;
				IPHONEOS_DEPLOYMENT_TARGET = 13.2;
				LD_RUNPATH_SEARCH_PATHS = (
					"$(inherited)",
					"@executable_path/Frameworks",
					"@loader_path/Frameworks",
				);
				PRODUCT_BUNDLE_IDENTIFIER = KS.NewsRoomTests;
				PRODUCT_NAME = "$(TARGET_NAME)";
				SWIFT_VERSION = 5.0;
				TARGETED_DEVICE_FAMILY = "1,2";
				TEST_HOST = "$(BUILT_PRODUCTS_DIR)/NewsRoom.app/NewsRoom";
			};
			name = Debug;
		};
		B630430A2389EA6000C37A32 /* Release */ = {
			isa = XCBuildConfiguration;
			buildSettings = {
				ALWAYS_EMBED_SWIFT_STANDARD_LIBRARIES = YES;
				BUNDLE_LOADER = "$(TEST_HOST)";
				CODE_SIGN_STYLE = Automatic;
				DEVELOPMENT_TEAM = CBHP6G9QDW;
				INFOPLIST_FILE = NewsRoomTests/Info.plist;
				IPHONEOS_DEPLOYMENT_TARGET = 13.2;
				LD_RUNPATH_SEARCH_PATHS = (
					"$(inherited)",
					"@executable_path/Frameworks",
					"@loader_path/Frameworks",
				);
				PRODUCT_BUNDLE_IDENTIFIER = KS.NewsRoomTests;
				PRODUCT_NAME = "$(TARGET_NAME)";
				SWIFT_VERSION = 5.0;
				TARGETED_DEVICE_FAMILY = "1,2";
				TEST_HOST = "$(BUILT_PRODUCTS_DIR)/NewsRoom.app/NewsRoom";
			};
			name = Release;
		};
/* End XCBuildConfiguration section */

/* Begin XCConfigurationList section */
		B63042E12389EA5F00C37A32 /* Build configuration list for PBXProject "NewsRoom" */ = {
			isa = XCConfigurationList;
			buildConfigurations = (
				B63043032389EA6000C37A32 /* Debug */,
				B63043042389EA6000C37A32 /* Release */,
			);
			defaultConfigurationIsVisible = 0;
			defaultConfigurationName = Release;
		};
		B63043052389EA6000C37A32 /* Build configuration list for PBXNativeTarget "NewsRoom" */ = {
			isa = XCConfigurationList;
			buildConfigurations = (
				B63043062389EA6000C37A32 /* Debug */,
				B63043072389EA6000C37A32 /* Release */,
			);
			defaultConfigurationIsVisible = 0;
			defaultConfigurationName = Release;
		};
		B63043082389EA6000C37A32 /* Build configuration list for PBXNativeTarget "NewsRoomTests" */ = {
			isa = XCConfigurationList;
			buildConfigurations = (
				B63043092389EA6000C37A32 /* Debug */,
				B630430A2389EA6000C37A32 /* Release */,
			);
			defaultConfigurationIsVisible = 0;
			defaultConfigurationName = Release;
		};
/* End XCConfigurationList section */

/* Begin XCSwiftPackageProductDependency section */
		B6304311238A2D4900C37A32 /* Networking */ = {
			isa = XCSwiftPackageProductDependency;
			productName = Networking;
		};
/* End XCSwiftPackageProductDependency section */
	};
	rootObject = B63042DE2389EA5F00C37A32 /* Project object */;
}
